// !$*UTF8*$!
{
	archiveVersion = 1;
	classes = {
	};
	objectVersion = 50;
	objects = {

/* Begin PBXBuildFile section */
		965417E024DFCA1B00D2EE96 /* AppDelegate.swift in Sources */ = {isa = PBXBuildFile; fileRef = 965417DF24DFCA1B00D2EE96 /* AppDelegate.swift */; };
		965417E224DFCA1B00D2EE96 /* SceneDelegate.swift in Sources */ = {isa = PBXBuildFile; fileRef = 965417E124DFCA1B00D2EE96 /* SceneDelegate.swift */; };
		965417E424DFCA1B00D2EE96 /* ViewController.swift in Sources */ = {isa = PBXBuildFile; fileRef = 965417E324DFCA1B00D2EE96 /* ViewController.swift */; };
		965417E724DFCA1B00D2EE96 /* Main.storyboard in Resources */ = {isa = PBXBuildFile; fileRef = 965417E524DFCA1B00D2EE96 /* Main.storyboard */; };
		965417E924DFCA1E00D2EE96 /* Assets.xcassets in Resources */ = {isa = PBXBuildFile; fileRef = 965417E824DFCA1E00D2EE96 /* Assets.xcassets */; };
		965417EC24DFCA1E00D2EE96 /* LaunchScreen.storyboard in Resources */ = {isa = PBXBuildFile; fileRef = 965417EA24DFCA1E00D2EE96 /* LaunchScreen.storyboard */; };
		965417F424DFCCD400D2EE96 /* CountryViewController.swift in Sources */ = {isa = PBXBuildFile; fileRef = 965417F324DFCCD400D2EE96 /* CountryViewController.swift */; };
		965417F624DFCFE200D2EE96 /* CountryTableViewCell.swift in Sources */ = {isa = PBXBuildFile; fileRef = 965417F524DFCFE200D2EE96 /* CountryTableViewCell.swift */; };
		965417FE24DFD1ED00D2EE96 /* Constants.swift in Sources */ = {isa = PBXBuildFile; fileRef = 965417FD24DFD1ED00D2EE96 /* Constants.swift */; };
/* End PBXBuildFile section */

/* Begin PBXFileReference section */
		965417DC24DFCA1B00D2EE96 /* covid-app.app */ = {isa = PBXFileReference; explicitFileType = wrapper.application; includeInIndex = 0; path = "covid-app.app"; sourceTree = BUILT_PRODUCTS_DIR; };
		965417DF24DFCA1B00D2EE96 /* AppDelegate.swift */ = {isa = PBXFileReference; lastKnownFileType = sourcecode.swift; path = AppDelegate.swift; sourceTree = "<group>"; };
		965417E124DFCA1B00D2EE96 /* SceneDelegate.swift */ = {isa = PBXFileReference; lastKnownFileType = sourcecode.swift; path = SceneDelegate.swift; sourceTree = "<group>"; };
		965417E324DFCA1B00D2EE96 /* ViewController.swift */ = {isa = PBXFileReference; lastKnownFileType = sourcecode.swift; path = ViewController.swift; sourceTree = "<group>"; };
		965417E624DFCA1B00D2EE96 /* Base */ = {isa = PBXFileReference; lastKnownFileType = file.storyboard; name = Base; path = Base.lproj/Main.storyboard; sourceTree = "<group>"; };
		965417E824DFCA1E00D2EE96 /* Assets.xcassets */ = {isa = PBXFileReference; lastKnownFileType = folder.assetcatalog; path = Assets.xcassets; sourceTree = "<group>"; };
		965417EB24DFCA1E00D2EE96 /* Base */ = {isa = PBXFileReference; lastKnownFileType = file.storyboard; name = Base; path = Base.lproj/LaunchScreen.storyboard; sourceTree = "<group>"; };
		965417ED24DFCA1E00D2EE96 /* Info.plist */ = {isa = PBXFileReference; lastKnownFileType = text.plist.xml; path = Info.plist; sourceTree = "<group>"; };
		965417F324DFCCD400D2EE96 /* CountryViewController.swift */ = {isa = PBXFileReference; lastKnownFileType = sourcecode.swift; path = CountryViewController.swift; sourceTree = "<group>"; };
		965417F524DFCFE200D2EE96 /* CountryTableViewCell.swift */ = {isa = PBXFileReference; lastKnownFileType = sourcecode.swift; path = CountryTableViewCell.swift; sourceTree = "<group>"; };
		965417FD24DFD1ED00D2EE96 /* Constants.swift */ = {isa = PBXFileReference; lastKnownFileType = sourcecode.swift; path = Constants.swift; sourceTree = "<group>"; };
/* End PBXFileReference section */

/* Begin PBXFrameworksBuildPhase section */
		965417D924DFCA1B00D2EE96 /* Frameworks */ = {
			isa = PBXFrameworksBuildPhase;
			buildActionMask = 2147483647;
			files = (
			);
			runOnlyForDeploymentPostprocessing = 0;
		};
/* End PBXFrameworksBuildPhase section */

/* Begin PBXGroup section */
		965417D324DFCA1B00D2EE96 = {
			isa = PBXGroup;
			children = (
				965417DE24DFCA1B00D2EE96 /* covid-app */,
				965417DD24DFCA1B00D2EE96 /* Products */,
			);
			sourceTree = "<group>";
		};
		965417DD24DFCA1B00D2EE96 /* Products */ = {
			isa = PBXGroup;
			children = (
				965417DC24DFCA1B00D2EE96 /* covid-app.app */,
			);
			name = Products;
			sourceTree = "<group>";
		};
		965417DE24DFCA1B00D2EE96 /* covid-app */ = {
			isa = PBXGroup;
			children = (
				965417FC24DFD1A800D2EE96 /* helpers */,
				965417FB24DFD19E00D2EE96 /* storyboards */,
				965417FA24DFD19500D2EE96 /* controllers */,
				965417F924DFD18A00D2EE96 /* views */,
				965417F824DFD17A00D2EE96 /* model */,
				965417DF24DFCA1B00D2EE96 /* AppDelegate.swift */,
				965417E124DFCA1B00D2EE96 /* SceneDelegate.swift */,
				965417E824DFCA1E00D2EE96 /* Assets.xcassets */,
				965417ED24DFCA1E00D2EE96 /* Info.plist */,
			);
			path = "covid-app";
			sourceTree = "<group>";
		};
		965417F824DFD17A00D2EE96 /* model */ = {
			isa = PBXGroup;
			children = (
			);
			path = model;
			sourceTree = "<group>";
		};
		965417F924DFD18A00D2EE96 /* views */ = {
			isa = PBXGroup;
			children = (
				965417F524DFCFE200D2EE96 /* CountryTableViewCell.swift */,
			);
			path = views;
			sourceTree = "<group>";
		};
		965417FA24DFD19500D2EE96 /* controllers */ = {
			isa = PBXGroup;
			children = (
				965417F324DFCCD400D2EE96 /* CountryViewController.swift */,
				965417E324DFCA1B00D2EE96 /* ViewController.swift */,
			);
			path = controllers;
			sourceTree = "<group>";
		};
		965417FB24DFD19E00D2EE96 /* storyboards */ = {
			isa = PBXGroup;
			children = (
				965417EA24DFCA1E00D2EE96 /* LaunchScreen.storyboard */,
				965417E524DFCA1B00D2EE96 /* Main.storyboard */,
			);
			path = storyboards;
			sourceTree = "<group>";
		};
		965417FC24DFD1A800D2EE96 /* helpers */ = {
			isa = PBXGroup;
			children = (
				965417FD24DFD1ED00D2EE96 /* Constants.swift */,
			);
			path = helpers;
			sourceTree = "<group>";
		};
/* End PBXGroup section */

/* Begin PBXNativeTarget section */
		965417DB24DFCA1B00D2EE96 /* covid-app */ = {
			isa = PBXNativeTarget;
			buildConfigurationList = 965417F024DFCA1E00D2EE96 /* Build configuration list for PBXNativeTarget "covid-app" */;
			buildPhases = (
				965417D824DFCA1B00D2EE96 /* Sources */,
				965417D924DFCA1B00D2EE96 /* Frameworks */,
				965417DA24DFCA1B00D2EE96 /* Resources */,
			);
			buildRules = (
			);
			dependencies = (
			);
			name = "covid-app";
			productName = "covid-app";
			productReference = 965417DC24DFCA1B00D2EE96 /* covid-app.app */;
			productType = "com.apple.product-type.application";
		};
/* End PBXNativeTarget section */

/* Begin PBXProject section */
		965417D424DFCA1B00D2EE96 /* Project object */ = {
			isa = PBXProject;
			attributes = {
				LastSwiftUpdateCheck = 1140;
				LastUpgradeCheck = 1140;
				ORGANIZATIONNAME = "Sanviraj Zahin Haque";
				TargetAttributes = {
					965417DB24DFCA1B00D2EE96 = {
						CreatedOnToolsVersion = 11.4.1;
					};
				};
			};
			buildConfigurationList = 965417D724DFCA1B00D2EE96 /* Build configuration list for PBXProject "covid-app" */;
			compatibilityVersion = "Xcode 9.3";
			developmentRegion = en;
			hasScannedForEncodings = 0;
			knownRegions = (
				en,
				Base,
			);
			mainGroup = 965417D324DFCA1B00D2EE96;
			productRefGroup = 965417DD24DFCA1B00D2EE96 /* Products */;
			projectDirPath = "";
			projectRoot = "";
			targets = (
				965417DB24DFCA1B00D2EE96 /* covid-app */,
			);
		};
/* End PBXProject section */

/* Begin PBXResourcesBuildPhase section */
		965417DA24DFCA1B00D2EE96 /* Resources */ = {
			isa = PBXResourcesBuildPhase;
			buildActionMask = 2147483647;
			files = (
				965417EC24DFCA1E00D2EE96 /* LaunchScreen.storyboard in Resources */,
				965417E924DFCA1E00D2EE96 /* Assets.xcassets in Resources */,
				965417E724DFCA1B00D2EE96 /* Main.storyboard in Resources */,
			);
			runOnlyForDeploymentPostprocessing = 0;
		};
/* End PBXResourcesBuildPhase section */

/* Begin PBXSourcesBuildPhase section */
		965417D824DFCA1B00D2EE96 /* Sources */ = {
			isa = PBXSourcesBuildPhase;
			buildActionMask = 2147483647;
			files = (
				965417E424DFCA1B00D2EE96 /* ViewController.swift in Sources */,
				965417F424DFCCD400D2EE96 /* CountryViewController.swift in Sources */,
				965417E024DFCA1B00D2EE96 /* AppDelegate.swift in Sources */,
				965417E224DFCA1B00D2EE96 /* SceneDelegate.swift in Sources */,
				965417F624DFCFE200D2EE96 /* CountryTableViewCell.swift in Sources */,
				965417FE24DFD1ED00D2EE96 /* Constants.swift in Sources */,
			);
			runOnlyForDeploymentPostprocessing = 0;
		};
/* End PBXSourcesBuildPhase section */

/* Begin PBXVariantGroup section */
		965417E524DFCA1B00D2EE96 /* Main.storyboard */ = {
			isa = PBXVariantGroup;
			children = (
				965417E624DFCA1B00D2EE96 /* Base */,
			);
			name = Main.storyboard;
			sourceTree = "<group>";
		};
		965417EA24DFCA1E00D2EE96 /* LaunchScreen.storyboard */ = {
			isa = PBXVariantGroup;
			children = (
				965417EB24DFCA1E00D2EE96 /* Base */,
			);
			name = LaunchScreen.storyboard;
			sourceTree = "<group>";
		};
/* End PBXVariantGroup section */

/* Begin XCBuildConfiguration section */
		965417EE24DFCA1E00D2EE96 /* Debug */ = {
			isa = XCBuildConfiguration;
			buildSettings = {
				ALWAYS_SEARCH_USER_PATHS = NO;
				CLANG_ANALYZER_NONNULL = YES;
				CLANG_ANALYZER_NUMBER_OBJECT_CONVERSION = YES_AGGRESSIVE;
				CLANG_CXX_LANGUAGE_STANDARD = "gnu++14";
				CLANG_CXX_LIBRARY = "libc++";
				CLANG_ENABLE_MODULES = YES;
				CLANG_ENABLE_OBJC_ARC = YES;
				CLANG_ENABLE_OBJC_WEAK = YES;
				CLANG_WARN_BLOCK_CAPTURE_AUTORELEASING = YES;
				CLANG_WARN_BOOL_CONVERSION = YES;
				CLANG_WARN_COMMA = YES;
				CLANG_WARN_CONSTANT_CONVERSION = YES;
				CLANG_WARN_DEPRECATED_OBJC_IMPLEMENTATIONS = YES;
				CLANG_WARN_DIRECT_OBJC_ISA_USAGE = YES_ERROR;
				CLANG_WARN_DOCUMENTATION_COMMENTS = YES;
				CLANG_WARN_EMPTY_BODY = YES;
				CLANG_WARN_ENUM_CONVERSION = YES;
				CLANG_WARN_INFINITE_RECURSION = YES;
				CLANG_WARN_INT_CONVERSION = YES;
				CLANG_WARN_NON_LITERAL_NULL_CONVERSION = YES;
				CLANG_WARN_OBJC_IMPLICIT_RETAIN_SELF = YES;
				CLANG_WARN_OBJC_LITERAL_CONVERSION = YES;
				CLANG_WARN_OBJC_ROOT_CLASS = YES_ERROR;
				CLANG_WARN_RANGE_LOOP_ANALYSIS = YES;
				CLANG_WARN_STRICT_PROTOTYPES = YES;
				CLANG_WARN_SUSPICIOUS_MOVE = YES;
				CLANG_WARN_UNGUARDED_AVAILABILITY = YES_AGGRESSIVE;
				CLANG_WARN_UNREACHABLE_CODE = YES;
				CLANG_WARN__DUPLICATE_METHOD_MATCH = YES;
				COPY_PHASE_STRIP = NO;
				DEBUG_INFORMATION_FORMAT = dwarf;
				ENABLE_STRICT_OBJC_MSGSEND = YES;
				ENABLE_TESTABILITY = YES;
				GCC_C_LANGUAGE_STANDARD = gnu11;
				GCC_DYNAMIC_NO_PIC = NO;
				GCC_NO_COMMON_BLOCKS = YES;
				GCC_OPTIMIZATION_LEVEL = 0;
				GCC_PREPROCESSOR_DEFINITIONS = (
					"DEBUG=1",
					"$(inherited)",
				);
				GCC_WARN_64_TO_32_BIT_CONVERSION = YES;
				GCC_WARN_ABOUT_RETURN_TYPE = YES_ERROR;
				GCC_WARN_UNDECLARED_SELECTOR = YES;
				GCC_WARN_UNINITIALIZED_AUTOS = YES_AGGRESSIVE;
				GCC_WARN_UNUSED_FUNCTION = YES;
				GCC_WARN_UNUSED_VARIABLE = YES;
				IPHONEOS_DEPLOYMENT_TARGET = 13.4;
				MTL_ENABLE_DEBUG_INFO = INCLUDE_SOURCE;
				MTL_FAST_MATH = YES;
				ONLY_ACTIVE_ARCH = YES;
				SDKROOT = iphoneos;
				SWIFT_ACTIVE_COMPILATION_CONDITIONS = DEBUG;
				SWIFT_OPTIMIZATION_LEVEL = "-Onone";
			};
			name = Debug;
		};
		965417EF24DFCA1E00D2EE96 /* Release */ = {
			isa = XCBuildConfiguration;
			buildSettings = {
				ALWAYS_SEARCH_USER_PATHS = NO;
				CLANG_ANALYZER_NONNULL = YES;
				CLANG_ANALYZER_NUMBER_OBJECT_CONVERSION = YES_AGGRESSIVE;
				CLANG_CXX_LANGUAGE_STANDARD = "gnu++14";
				CLANG_CXX_LIBRARY = "libc++";
				CLANG_ENABLE_MODULES = YES;
				CLANG_ENABLE_OBJC_ARC = YES;
				CLANG_ENABLE_OBJC_WEAK = YES;
				CLANG_WARN_BLOCK_CAPTURE_AUTORELEASING = YES;
				CLANG_WARN_BOOL_CONVERSION = YES;
				CLANG_WARN_COMMA = YES;
				CLANG_WARN_CONSTANT_CONVERSION = YES;
				CLANG_WARN_DEPRECATED_OBJC_IMPLEMENTATIONS = YES;
				CLANG_WARN_DIRECT_OBJC_ISA_USAGE = YES_ERROR;
				CLANG_WARN_DOCUMENTATION_COMMENTS = YES;
				CLANG_WARN_EMPTY_BODY = YES;
				CLANG_WARN_ENUM_CONVERSION = YES;
				CLANG_WARN_INFINITE_RECURSION = YES;
				CLANG_WARN_INT_CONVERSION = YES;
				CLANG_WARN_NON_LITERAL_NULL_CONVERSION = YES;
				CLANG_WARN_OBJC_IMPLICIT_RETAIN_SELF = YES;
				CLANG_WARN_OBJC_LITERAL_CONVERSION = YES;
				CLANG_WARN_OBJC_ROOT_CLASS = YES_ERROR;
				CLANG_WARN_RANGE_LOOP_ANALYSIS = YES;
				CLANG_WARN_STRICT_PROTOTYPES = YES;
				CLANG_WARN_SUSPICIOUS_MOVE = YES;
				CLANG_WARN_UNGUARDED_AVAILABILITY = YES_AGGRESSIVE;
				CLANG_WARN_UNREACHABLE_CODE = YES;
				CLANG_WARN__DUPLICATE_METHOD_MATCH = YES;
				COPY_PHASE_STRIP = NO;
				DEBUG_INFORMATION_FORMAT = "dwarf-with-dsym";
				ENABLE_NS_ASSERTIONS = NO;
				ENABLE_STRICT_OBJC_MSGSEND = YES;
				GCC_C_LANGUAGE_STANDARD = gnu11;
				GCC_NO_COMMON_BLOCKS = YES;
				GCC_WARN_64_TO_32_BIT_CONVERSION = YES;
				GCC_WARN_ABOUT_RETURN_TYPE = YES_ERROR;
				GCC_WARN_UNDECLARED_SELECTOR = YES;
				GCC_WARN_UNINITIALIZED_AUTOS = YES_AGGRESSIVE;
				GCC_WARN_UNUSED_FUNCTION = YES;
				GCC_WARN_UNUSED_VARIABLE = YES;
				IPHONEOS_DEPLOYMENT_TARGET = 13.4;
				MTL_ENABLE_DEBUG_INFO = NO;
				MTL_FAST_MATH = YES;
				SDKROOT = iphoneos;
				SWIFT_COMPILATION_MODE = wholemodule;
				SWIFT_OPTIMIZATION_LEVEL = "-O";
				VALIDATE_PRODUCT = YES;
			};
			name = Release;
		};
		965417F124DFCA1E00D2EE96 /* Debug */ = {
			isa = XCBuildConfiguration;
			buildSettings = {
				ASSETCATALOG_COMPILER_APPICON_NAME = AppIcon;
				CODE_SIGN_STYLE = Automatic;
				INFOPLIST_FILE = "covid-app/Info.plist";
				LD_RUNPATH_SEARCH_PATHS = (
					"$(inherited)",
					"@executable_path/Frameworks",
				);
				PRODUCT_BUNDLE_IDENTIFIER = "com.hello.covid-app";
				PRODUCT_NAME = "$(TARGET_NAME)";
				SWIFT_VERSION = 5.0;
				TARGETED_DEVICE_FAMILY = "1,2";
			};
			name = Debug;
		};
		965417F224DFCA1E00D2EE96 /* Release */ = {
			isa = XCBuildConfiguration;
			buildSettings = {
				ASSETCATALOG_COMPILER_APPICON_NAME = AppIcon;
				CODE_SIGN_STYLE = Automatic;
				INFOPLIST_FILE = "covid-app/Info.plist";
				LD_RUNPATH_SEARCH_PATHS = (
					"$(inherited)",
					"@executable_path/Frameworks",
				);
				PRODUCT_BUNDLE_IDENTIFIER = "com.hello.covid-app";
				PRODUCT_NAME = "$(TARGET_NAME)";
				SWIFT_VERSION = 5.0;
				TARGETED_DEVICE_FAMILY = "1,2";
			};
			name = Release;
		};
/* End XCBuildConfiguration section */

/* Begin XCConfigurationList section */
		965417D724DFCA1B00D2EE96 /* Build configuration list for PBXProject "covid-app" */ = {
			isa = XCConfigurationList;
			buildConfigurations = (
				965417EE24DFCA1E00D2EE96 /* Debug */,
				965417EF24DFCA1E00D2EE96 /* Release */,
			);
			defaultConfigurationIsVisible = 0;
			defaultConfigurationName = Release;
		};
		965417F024DFCA1E00D2EE96 /* Build configuration list for PBXNativeTarget "covid-app" */ = {
			isa = XCConfigurationList;
			buildConfigurations = (
				965417F124DFCA1E00D2EE96 /* Debug */,
				965417F224DFCA1E00D2EE96 /* Release */,
			);
			defaultConfigurationIsVisible = 0;
			defaultConfigurationName = Release;
		};
/* End XCConfigurationList section */
	};
	rootObject = 965417D424DFCA1B00D2EE96 /* Project object */;
}
